// !$*UTF8*$!
{
	archiveVersion = 1;
	classes = {
	};
	objectVersion = 51;
	objects = {

/* Begin PBXBuildFile section */
		2F06E2A2113045E31641615F /* Pods_yellowBus.framework in Frameworks */ = {isa = PBXBuildFile; fileRef = 6B061F2E9C7163A325155870 /* Pods_yellowBus.framework */; };
		6DA0695444DE6AC299560B1F /* Pods_yellowBusTests.framework in Frameworks */ = {isa = PBXBuildFile; fileRef = D464837CB294426463CEBD6B /* Pods_yellowBusTests.framework */; };
		7FF6CCC3985907809016CB58 /* Pods_yellowBus_yellowBusUITests.framework in Frameworks */ = {isa = PBXBuildFile; fileRef = 04F578E963DB0AF2D6C9E73C /* Pods_yellowBus_yellowBusUITests.framework */; };
		BE2B73FC245B9BE0001C2992 /* Extension.swift in Sources */ = {isa = PBXBuildFile; fileRef = BE2B73FB245B9BE0001C2992 /* Extension.swift */; };
		BE2B73FE245B9C01001C2992 /* volViewController.swift in Sources */ = {isa = PBXBuildFile; fileRef = BE2B73FD245B9C01001C2992 /* volViewController.swift */; };
		BE3795AD2447ACF70070A196 /* mapStyle.swift in Sources */ = {isa = PBXBuildFile; fileRef = BE3795AC2447ACF70070A196 /* mapStyle.swift */; };
		BE3795AF2447B0230070A196 /* brain.swift in Sources */ = {isa = PBXBuildFile; fileRef = BE3795AE2447B0230070A196 /* brain.swift */; };
		BE3795B12447B0CC0070A196 /* teamBrain.swift in Sources */ = {isa = PBXBuildFile; fileRef = BE3795B02447B0CC0070A196 /* teamBrain.swift */; };
		BE4A2852245C341200B912CE /* schViewController.swift in Sources */ = {isa = PBXBuildFile; fileRef = BE4A2851245C341200B912CE /* schViewController.swift */; };
		BE4FD523245C855600AA9647 /* homeTableViewController.swift in Sources */ = {isa = PBXBuildFile; fileRef = BE4FD522245C855600AA9647 /* homeTableViewController.swift */; };
		BE4FD525245C855900AA9647 /* loginViewController.swift in Sources */ = {isa = PBXBuildFile; fileRef = BE4FD524245C855900AA9647 /* loginViewController.swift */; };
		BE76D0F823EAB6B0009559CD /* GoogleService-Info.plist in Resources */ = {isa = PBXBuildFile; fileRef = BE76D0F723EAB6B0009559CD /* GoogleService-Info.plist */; };
		BE79B09D245377B200CBE857 /* scheduleBrain.swift in Sources */ = {isa = PBXBuildFile; fileRef = BE79B09C245377B200CBE857 /* scheduleBrain.swift */; };
		BE79B0A0245387BE00CBE857 /* ScheduleCell.swift in Sources */ = {isa = PBXBuildFile; fileRef = BE79B09E245387BE00CBE857 /* ScheduleCell.swift */; };
		BE79B0A1245387BE00CBE857 /* ScheduleCell.xib in Resources */ = {isa = PBXBuildFile; fileRef = BE79B09F245387BE00CBE857 /* ScheduleCell.xib */; };
		BE7C37C123FEF6B40039AB26 /* NotificationCenter.framework in Frameworks */ = {isa = PBXBuildFile; fileRef = BE7C37C023FEF6B40039AB26 /* NotificationCenter.framework */; };
		BE80BA7823F4662900F4E468 /* teamViewController.swift in Sources */ = {isa = PBXBuildFile; fileRef = BE80BA7723F4662900F4E468 /* teamViewController.swift */; };
		BE90DADD245B2A0400D86360 /* mapviewController.swift in Sources */ = {isa = PBXBuildFile; fileRef = BE90DADC245B2A0400D86360 /* mapviewController.swift */; };
		BEABEC5223E9F5E700F629BE /* AppDelegate.swift in Sources */ = {isa = PBXBuildFile; fileRef = BEABEC5123E9F5E700F629BE /* AppDelegate.swift */; };
		BEABEC5423E9F5E700F629BE /* SceneDelegate.swift in Sources */ = {isa = PBXBuildFile; fileRef = BEABEC5323E9F5E700F629BE /* SceneDelegate.swift */; };
		BEABEC5923E9F5E700F629BE /* Main.storyboard in Resources */ = {isa = PBXBuildFile; fileRef = BEABEC5723E9F5E700F629BE /* Main.storyboard */; };
		BEABEC5C23E9F5E700F629BE /* yellowBus.xcdatamodeld in Sources */ = {isa = PBXBuildFile; fileRef = BEABEC5A23E9F5E700F629BE /* yellowBus.xcdatamodeld */; };
		BEABEC5E23E9F5ED00F629BE /* Assets.xcassets in Resources */ = {isa = PBXBuildFile; fileRef = BEABEC5D23E9F5ED00F629BE /* Assets.xcassets */; };
		BEABEC6123E9F5ED00F629BE /* LaunchScreen.storyboard in Resources */ = {isa = PBXBuildFile; fileRef = BEABEC5F23E9F5ED00F629BE /* LaunchScreen.storyboard */; };
		BEABEC6C23E9F5ED00F629BE /* yellowBusTests.swift in Sources */ = {isa = PBXBuildFile; fileRef = BEABEC6B23E9F5ED00F629BE /* yellowBusTests.swift */; };
		BEABEC7723E9F5ED00F629BE /* yellowBusUITests.swift in Sources */ = {isa = PBXBuildFile; fileRef = BEABEC7623E9F5ED00F629BE /* yellowBusUITests.swift */; };
		BEABEC8523EA883500F629BE /* UIView+Layout.swift in Sources */ = {isa = PBXBuildFile; fileRef = BEABEC8423EA883500F629BE /* UIView+Layout.swift */; };
		BEAC59E92441287200A91F08 /* loginViewController.swift in Sources */ = {isa = PBXBuildFile; fileRef = BEAC59E82441287200A91F08 /* loginViewController.swift */; };
		BEDC7393241127CB00E4028A /* UIbusTableViewCell.swift in Sources */ = {isa = PBXBuildFile; fileRef = BEDC7392241127CB00E4028A /* UIbusTableViewCell.swift */; };
		BEF1FDEC23F41F9C00E3E074 /* userViewController.swift in Sources */ = {isa = PBXBuildFile; fileRef = BEF1FDEB23F41F9C00E3E074 /* userViewController.swift */; };
/* End PBXBuildFile section */

/* Begin PBXContainerItemProxy section */
		BEABEC6823E9F5ED00F629BE /* PBXContainerItemProxy */ = {
			isa = PBXContainerItemProxy;
			containerPortal = BEABEC4623E9F5E700F629BE /* Project object */;
			proxyType = 1;
			remoteGlobalIDString = BEABEC4D23E9F5E700F629BE;
			remoteInfo = yellowBus;
		};
		BEABEC7323E9F5ED00F629BE /* PBXContainerItemProxy */ = {
			isa = PBXContainerItemProxy;
			containerPortal = BEABEC4623E9F5E700F629BE /* Project object */;
			proxyType = 1;
			remoteGlobalIDString = BEABEC4D23E9F5E700F629BE;
			remoteInfo = yellowBus;
		};
/* End PBXContainerItemProxy section */

/* Begin PBXFileReference section */
		01EFFCA64887F1B064689A63 /* Pods-yellowBus.debug.xcconfig */ = {isa = PBXFileReference; includeInIndex = 1; lastKnownFileType = text.xcconfig; name = "Pods-yellowBus.debug.xcconfig"; path = "Target Support Files/Pods-yellowBus/Pods-yellowBus.debug.xcconfig"; sourceTree = "<group>"; };
		04F578E963DB0AF2D6C9E73C /* Pods_yellowBus_yellowBusUITests.framework */ = {isa = PBXFileReference; explicitFileType = wrapper.framework; includeInIndex = 0; path = Pods_yellowBus_yellowBusUITests.framework; sourceTree = BUILT_PRODUCTS_DIR; };
		1B5CE1F2043352FADBBA1FDD /* Pods-yellowBus-yellowBusUITests.release.xcconfig */ = {isa = PBXFileReference; includeInIndex = 1; lastKnownFileType = text.xcconfig; name = "Pods-yellowBus-yellowBusUITests.release.xcconfig"; path = "Target Support Files/Pods-yellowBus-yellowBusUITests/Pods-yellowBus-yellowBusUITests.release.xcconfig"; sourceTree = "<group>"; };
		32DF51DFEEDDAF1EB6585EE1 /* Pods-yellowBusTests.release.xcconfig */ = {isa = PBXFileReference; includeInIndex = 1; lastKnownFileType = text.xcconfig; name = "Pods-yellowBusTests.release.xcconfig"; path = "Target Support Files/Pods-yellowBusTests/Pods-yellowBusTests.release.xcconfig"; sourceTree = "<group>"; };
		6B061F2E9C7163A325155870 /* Pods_yellowBus.framework */ = {isa = PBXFileReference; explicitFileType = wrapper.framework; includeInIndex = 0; path = Pods_yellowBus.framework; sourceTree = BUILT_PRODUCTS_DIR; };
		7DA1ECCCC709296E8A6CC3F2 /* Pods-yellowBusTests.debug.xcconfig */ = {isa = PBXFileReference; includeInIndex = 1; lastKnownFileType = text.xcconfig; name = "Pods-yellowBusTests.debug.xcconfig"; path = "Target Support Files/Pods-yellowBusTests/Pods-yellowBusTests.debug.xcconfig"; sourceTree = "<group>"; };
		BE2B73FB245B9BE0001C2992 /* Extension.swift */ = {isa = PBXFileReference; lastKnownFileType = sourcecode.swift; path = Extension.swift; sourceTree = "<group>"; };
		BE2B73FD245B9C01001C2992 /* volViewController.swift */ = {isa = PBXFileReference; lastKnownFileType = sourcecode.swift; path = volViewController.swift; sourceTree = "<group>"; };
		BE3795AC2447ACF70070A196 /* mapStyle.swift */ = {isa = PBXFileReference; lastKnownFileType = sourcecode.swift; path = mapStyle.swift; sourceTree = "<group>"; };
		BE3795AE2447B0230070A196 /* brain.swift */ = {isa = PBXFileReference; lastKnownFileType = sourcecode.swift; path = brain.swift; sourceTree = "<group>"; };
		BE3795B02447B0CC0070A196 /* teamBrain.swift */ = {isa = PBXFileReference; lastKnownFileType = sourcecode.swift; path = teamBrain.swift; sourceTree = "<group>"; };
		BE4A2851245C341200B912CE /* schViewController.swift */ = {isa = PBXFileReference; lastKnownFileType = sourcecode.swift; path = schViewController.swift; sourceTree = "<group>"; };
		BE4FD522245C855600AA9647 /* homeTableViewController.swift */ = {isa = PBXFileReference; lastKnownFileType = sourcecode.swift; name = homeTableViewController.swift; path = /Users/hariompalkar/Documents/ios/yellowBus/yellowBus/Controller/homeTableViewController.swift; sourceTree = "<absolute>"; };
		BE4FD524245C855900AA9647 /* loginViewController.swift */ = {isa = PBXFileReference; lastKnownFileType = sourcecode.swift; name = loginViewController.swift; path = ../../loginViewController.swift; sourceTree = "<group>"; };
		BE76D0F723EAB6B0009559CD /* GoogleService-Info.plist */ = {isa = PBXFileReference; fileEncoding = 4; lastKnownFileType = text.plist.xml; path = "GoogleService-Info.plist"; sourceTree = "<group>"; };
		BE79B09C245377B200CBE857 /* scheduleBrain.swift */ = {isa = PBXFileReference; lastKnownFileType = sourcecode.swift; path = scheduleBrain.swift; sourceTree = "<group>"; };
		BE79B09E245387BE00CBE857 /* ScheduleCell.swift */ = {isa = PBXFileReference; lastKnownFileType = sourcecode.swift; path = ScheduleCell.swift; sourceTree = "<group>"; };
		BE79B09F245387BE00CBE857 /* ScheduleCell.xib */ = {isa = PBXFileReference; lastKnownFileType = file.xib; path = ScheduleCell.xib; sourceTree = "<group>"; };
		BE7C37BF23FEF6B30039AB26 /* BTC.appex */ = {isa = PBXFileReference; explicitFileType = "wrapper.app-extension"; includeInIndex = 0; path = BTC.appex; sourceTree = BUILT_PRODUCTS_DIR; };
		BE7C37C023FEF6B40039AB26 /* NotificationCenter.framework */ = {isa = PBXFileReference; lastKnownFileType = wrapper.framework; name = NotificationCenter.framework; path = System/Library/Frameworks/NotificationCenter.framework; sourceTree = SDKROOT; };
		BE80BA7723F4662900F4E468 /* teamViewController.swift */ = {isa = PBXFileReference; lastKnownFileType = sourcecode.swift; path = teamViewController.swift; sourceTree = "<group>"; };
		BE90DADC245B2A0400D86360 /* mapviewController.swift */ = {isa = PBXFileReference; lastKnownFileType = sourcecode.swift; path = mapviewController.swift; sourceTree = "<group>"; };
		BEABEC4E23E9F5E700F629BE /* yellowBus.app */ = {isa = PBXFileReference; explicitFileType = wrapper.application; includeInIndex = 0; path = yellowBus.app; sourceTree = BUILT_PRODUCTS_DIR; };
		BEABEC5123E9F5E700F629BE /* AppDelegate.swift */ = {isa = PBXFileReference; lastKnownFileType = sourcecode.swift; path = AppDelegate.swift; sourceTree = "<group>"; };
		BEABEC5323E9F5E700F629BE /* SceneDelegate.swift */ = {isa = PBXFileReference; lastKnownFileType = sourcecode.swift; path = SceneDelegate.swift; sourceTree = "<group>"; };
		BEABEC5823E9F5E700F629BE /* Base */ = {isa = PBXFileReference; lastKnownFileType = file.storyboard; name = Base; path = Base.lproj/Main.storyboard; sourceTree = "<group>"; };
		BEABEC5B23E9F5E700F629BE /* yellowBus.xcdatamodel */ = {isa = PBXFileReference; lastKnownFileType = wrapper.xcdatamodel; path = yellowBus.xcdatamodel; sourceTree = "<group>"; };
		BEABEC5D23E9F5ED00F629BE /* Assets.xcassets */ = {isa = PBXFileReference; lastKnownFileType = folder.assetcatalog; path = Assets.xcassets; sourceTree = "<group>"; };
		BEABEC6023E9F5ED00F629BE /* Base */ = {isa = PBXFileReference; lastKnownFileType = file.storyboard; name = Base; path = Base.lproj/LaunchScreen.storyboard; sourceTree = "<group>"; };
		BEABEC6223E9F5ED00F629BE /* Info.plist */ = {isa = PBXFileReference; lastKnownFileType = text.plist.xml; path = Info.plist; sourceTree = "<group>"; };
		BEABEC6723E9F5ED00F629BE /* yellowBusTests.xctest */ = {isa = PBXFileReference; explicitFileType = wrapper.cfbundle; includeInIndex = 0; path = yellowBusTests.xctest; sourceTree = BUILT_PRODUCTS_DIR; };
		BEABEC6B23E9F5ED00F629BE /* yellowBusTests.swift */ = {isa = PBXFileReference; lastKnownFileType = sourcecode.swift; path = yellowBusTests.swift; sourceTree = "<group>"; };
		BEABEC6D23E9F5ED00F629BE /* Info.plist */ = {isa = PBXFileReference; lastKnownFileType = text.plist.xml; path = Info.plist; sourceTree = "<group>"; };
		BEABEC7223E9F5ED00F629BE /* yellowBusUITests.xctest */ = {isa = PBXFileReference; explicitFileType = wrapper.cfbundle; includeInIndex = 0; path = yellowBusUITests.xctest; sourceTree = BUILT_PRODUCTS_DIR; };
		BEABEC7623E9F5ED00F629BE /* yellowBusUITests.swift */ = {isa = PBXFileReference; lastKnownFileType = sourcecode.swift; path = yellowBusUITests.swift; sourceTree = "<group>"; };
		BEABEC7823E9F5ED00F629BE /* Info.plist */ = {isa = PBXFileReference; lastKnownFileType = text.plist.xml; path = Info.plist; sourceTree = "<group>"; };
		BEABEC8423EA883500F629BE /* UIView+Layout.swift */ = {isa = PBXFileReference; fileEncoding = 4; lastKnownFileType = sourcecode.swift; path = "UIView+Layout.swift"; sourceTree = "<group>"; };
		BEAC59E82441287200A91F08 /* loginViewController.swift */ = {isa = PBXFileReference; lastKnownFileType = sourcecode.swift; name = loginViewController.swift; path = ../../loginViewController.swift; sourceTree = "<group>"; };
		BEDC7392241127CB00E4028A /* UIbusTableViewCell.swift */ = {isa = PBXFileReference; lastKnownFileType = sourcecode.swift; path = UIbusTableViewCell.swift; sourceTree = "<group>"; };
		BEF1FDEB23F41F9C00E3E074 /* userViewController.swift */ = {isa = PBXFileReference; lastKnownFileType = sourcecode.swift; path = userViewController.swift; sourceTree = "<group>"; };
		C66D33A6239AE9626198A680 /* Pods-yellowBus.release.xcconfig */ = {isa = PBXFileReference; includeInIndex = 1; lastKnownFileType = text.xcconfig; name = "Pods-yellowBus.release.xcconfig"; path = "Target Support Files/Pods-yellowBus/Pods-yellowBus.release.xcconfig"; sourceTree = "<group>"; };
		CB2A277F75FAE942B91F8F17 /* Pods-yellowBus-yellowBusUITests.debug.xcconfig */ = {isa = PBXFileReference; includeInIndex = 1; lastKnownFileType = text.xcconfig; name = "Pods-yellowBus-yellowBusUITests.debug.xcconfig"; path = "Target Support Files/Pods-yellowBus-yellowBusUITests/Pods-yellowBus-yellowBusUITests.debug.xcconfig"; sourceTree = "<group>"; };
		D464837CB294426463CEBD6B /* Pods_yellowBusTests.framework */ = {isa = PBXFileReference; explicitFileType = wrapper.framework; includeInIndex = 0; path = Pods_yellowBusTests.framework; sourceTree = BUILT_PRODUCTS_DIR; };
/* End PBXFileReference section */

/* Begin PBXFrameworksBuildPhase section */
		BE7C37BC23FEF6B30039AB26 /* Frameworks */ = {
			isa = PBXFrameworksBuildPhase;
			buildActionMask = 2147483647;
			files = (
				BE7C37C123FEF6B40039AB26 /* NotificationCenter.framework in Frameworks */,
			);
			runOnlyForDeploymentPostprocessing = 0;
		};
		BEABEC4B23E9F5E700F629BE /* Frameworks */ = {
			isa = PBXFrameworksBuildPhase;
			buildActionMask = 2147483647;
			files = (
				2F06E2A2113045E31641615F /* Pods_yellowBus.framework in Frameworks */,
			);
			runOnlyForDeploymentPostprocessing = 0;
		};
		BEABEC6423E9F5ED00F629BE /* Frameworks */ = {
			isa = PBXFrameworksBuildPhase;
			buildActionMask = 2147483647;
			files = (
				6DA0695444DE6AC299560B1F /* Pods_yellowBusTests.framework in Frameworks */,
			);
			runOnlyForDeploymentPostprocessing = 0;
		};
		BEABEC6F23E9F5ED00F629BE /* Frameworks */ = {
			isa = PBXFrameworksBuildPhase;
			buildActionMask = 2147483647;
			files = (
				7FF6CCC3985907809016CB58 /* Pods_yellowBus_yellowBusUITests.framework in Frameworks */,
			);
			runOnlyForDeploymentPostprocessing = 0;
		};
/* End PBXFrameworksBuildPhase section */

/* Begin PBXGroup section */
		79A367D99B72B6E168AAA688 /* Pods */ = {
			isa = PBXGroup;
			children = (
				01EFFCA64887F1B064689A63 /* Pods-yellowBus.debug.xcconfig */,
				C66D33A6239AE9626198A680 /* Pods-yellowBus.release.xcconfig */,
				CB2A277F75FAE942B91F8F17 /* Pods-yellowBus-yellowBusUITests.debug.xcconfig */,
				1B5CE1F2043352FADBBA1FDD /* Pods-yellowBus-yellowBusUITests.release.xcconfig */,
				7DA1ECCCC709296E8A6CC3F2 /* Pods-yellowBusTests.debug.xcconfig */,
				32DF51DFEEDDAF1EB6585EE1 /* Pods-yellowBusTests.release.xcconfig */,
			);
			path = Pods;
			sourceTree = "<group>";
		};
		907266F03CA117BD7AFC3864 /* Frameworks */ = {
			isa = PBXGroup;
			children = (
				BE7C37C023FEF6B40039AB26 /* NotificationCenter.framework */,
				6B061F2E9C7163A325155870 /* Pods_yellowBus.framework */,
				04F578E963DB0AF2D6C9E73C /* Pods_yellowBus_yellowBusUITests.framework */,
				D464837CB294426463CEBD6B /* Pods_yellowBusTests.framework */,
			);
			name = Frameworks;
			sourceTree = "<group>";
		};
		BE79B09B245374AD00CBE857 /* Vieww */ = {
			isa = PBXGroup;
			children = (
				BEABEC5723E9F5E700F629BE /* Main.storyboard */,
				BEABEC5F23E9F5ED00F629BE /* LaunchScreen.storyboard */,
			);
			path = Vieww;
			sourceTree = "<group>";
		};
		BEABEC4523E9F5E700F629BE = {
			isa = PBXGroup;
			children = (
				BEABEC5023E9F5E700F629BE /* yellowBus */,
				BEABEC6A23E9F5ED00F629BE /* yellowBusTests */,
				BEABEC7523E9F5ED00F629BE /* yellowBusUITests */,
				BEABEC4F23E9F5E700F629BE /* Products */,
				79A367D99B72B6E168AAA688 /* Pods */,
				907266F03CA117BD7AFC3864 /* Frameworks */,
			);
			sourceTree = "<group>";
		};
		BEABEC4F23E9F5E700F629BE /* Products */ = {
			isa = PBXGroup;
			children = (
				BEABEC4E23E9F5E700F629BE /* yellowBus.app */,
				BEABEC6723E9F5ED00F629BE /* yellowBusTests.xctest */,
				BEABEC7223E9F5ED00F629BE /* yellowBusUITests.xctest */,
				BE7C37BF23FEF6B30039AB26 /* BTC.appex */,
			);
			name = Products;
			sourceTree = "<group>";
		};
		BEABEC5023E9F5E700F629BE /* yellowBus */ = {
			isa = PBXGroup;
			children = (
				BEABEC5123E9F5E700F629BE /* AppDelegate.swift */,
				BEABEC5323E9F5E700F629BE /* SceneDelegate.swift */,
				BEF2FAE62443873100736131 /* Model */,
				BE79B09B245374AD00CBE857 /* Vieww */,
				BEF1FDF123F424A100E3E074 /* Controller */,
				BEABEC5D23E9F5ED00F629BE /* Assets.xcassets */,
				BE76D0F723EAB6B0009559CD /* GoogleService-Info.plist */,
				BEABEC6223E9F5ED00F629BE /* Info.plist */,
				BEABEC5A23E9F5E700F629BE /* yellowBus.xcdatamodeld */,
				BEABEC8423EA883500F629BE /* UIView+Layout.swift */,
			);
			path = yellowBus;
			sourceTree = "<group>";
		};
		BEABEC6A23E9F5ED00F629BE /* yellowBusTests */ = {
			isa = PBXGroup;
			children = (
				BEABEC6B23E9F5ED00F629BE /* yellowBusTests.swift */,
				BEABEC6D23E9F5ED00F629BE /* Info.plist */,
			);
			path = yellowBusTests;
			sourceTree = "<group>";
		};
		BEABEC7523E9F5ED00F629BE /* yellowBusUITests */ = {
			isa = PBXGroup;
			children = (
				BEABEC7623E9F5ED00F629BE /* yellowBusUITests.swift */,
				BEABEC7823E9F5ED00F629BE /* Info.plist */,
			);
			path = yellowBusUITests;
			sourceTree = "<group>";
		};
		BEDC73952411280200E4028A /* Cell */ = {
			isa = PBXGroup;
			children = (
				BEDC7392241127CB00E4028A /* UIbusTableViewCell.swift */,
				BE79B09E245387BE00CBE857 /* ScheduleCell.swift */,
				BE79B09F245387BE00CBE857 /* ScheduleCell.xib */,
			);
			path = Cell;
			sourceTree = "<group>";
		};
		BEF1FDF123F424A100E3E074 /* Controller */ = {
			isa = PBXGroup;
			children = (
				BE4FD524245C855900AA9647 /* loginViewController.swift */,
				BE4A2851245C341200B912CE /* schViewController.swift */,
				BE2B73FD245B9C01001C2992 /* volViewController.swift */,
				BE90DADC245B2A0400D86360 /* mapviewController.swift */,
				BE4FD522245C855600AA9647 /* homeTableViewController.swift */,
				BEAC59E82441287200A91F08 /* loginViewController.swift */,
				BEF1FDEB23F41F9C00E3E074 /* userViewController.swift */,
				BE80BA7723F4662900F4E468 /* teamViewController.swift */,
				BEDC73952411280200E4028A /* Cell */,
			);
			path = Controller;
			sourceTree = "<group>";
		};
		BEF2FAE62443873100736131 /* Model */ = {
			isa = PBXGroup;
			children = (
				BE3795B02447B0CC0070A196 /* teamBrain.swift */,
				BE3795AC2447ACF70070A196 /* mapStyle.swift */,
				BE79B09C245377B200CBE857 /* scheduleBrain.swift */,
				BE2B73FB245B9BE0001C2992 /* Extension.swift */,
				BE3795AE2447B0230070A196 /* brain.swift */,
			);
			path = Model;
			sourceTree = "<group>";
		};
/* End PBXGroup section */

/* Begin PBXNativeTarget section */
		BE7C37BE23FEF6B30039AB26 /* BTC */ = {
			isa = PBXNativeTarget;
			buildConfigurationList = BE7C37CC23FEF6B40039AB26 /* Build configuration list for PBXNativeTarget "BTC" */;
			buildPhases = (
				BE7C37BB23FEF6B30039AB26 /* Sources */,
				BE7C37BC23FEF6B30039AB26 /* Frameworks */,
				BE7C37BD23FEF6B30039AB26 /* Resources */,
			);
			buildRules = (
			);
			dependencies = (
			);
			name = BTC;
			productName = BTC;
			productReference = BE7C37BF23FEF6B30039AB26 /* BTC.appex */;
			productType = "com.apple.product-type.app-extension";
		};
		BEABEC4D23E9F5E700F629BE /* yellowBus */ = {
			isa = PBXNativeTarget;
			buildConfigurationList = BEABEC7B23E9F5ED00F629BE /* Build configuration list for PBXNativeTarget "yellowBus" */;
			buildPhases = (
				7A01C8E12ACF9BA6C77764C6 /* [CP] Check Pods Manifest.lock */,
				BEABEC4A23E9F5E700F629BE /* Sources */,
				BEABEC4B23E9F5E700F629BE /* Frameworks */,
				BEABEC4C23E9F5E700F629BE /* Resources */,
				7E77160869A184E3DED6C501 /* [CP] Copy Pods Resources */,
				DFDE9497AAB429B311F4B31C /* [CP] Embed Pods Frameworks */,
			);
			buildRules = (
			);
			dependencies = (
			);
			name = yellowBus;
			productName = yellowBus;
			productReference = BEABEC4E23E9F5E700F629BE /* yellowBus.app */;
			productType = "com.apple.product-type.application";
		};
		BEABEC6623E9F5ED00F629BE /* yellowBusTests */ = {
			isa = PBXNativeTarget;
			buildConfigurationList = BEABEC7E23E9F5ED00F629BE /* Build configuration list for PBXNativeTarget "yellowBusTests" */;
			buildPhases = (
				71C256B25729264757C9D48C /* [CP] Check Pods Manifest.lock */,
				BEABEC6323E9F5ED00F629BE /* Sources */,
				BEABEC6423E9F5ED00F629BE /* Frameworks */,
				BEABEC6523E9F5ED00F629BE /* Resources */,
				B6645392BB93E1AA88966977 /* [CP] Embed Pods Frameworks */,
			);
			buildRules = (
			);
			dependencies = (
				BEABEC6923E9F5ED00F629BE /* PBXTargetDependency */,
			);
			name = yellowBusTests;
			productName = yellowBusTests;
			productReference = BEABEC6723E9F5ED00F629BE /* yellowBusTests.xctest */;
			productType = "com.apple.product-type.bundle.unit-test";
		};
		BEABEC7123E9F5ED00F629BE /* yellowBusUITests */ = {
			isa = PBXNativeTarget;
			buildConfigurationList = BEABEC8123E9F5ED00F629BE /* Build configuration list for PBXNativeTarget "yellowBusUITests" */;
			buildPhases = (
				D789FC7B2D41BBD37909D1AE /* [CP] Check Pods Manifest.lock */,
				BEABEC6E23E9F5ED00F629BE /* Sources */,
				BEABEC6F23E9F5ED00F629BE /* Frameworks */,
				BEABEC7023E9F5ED00F629BE /* Resources */,
				9FC1CDD2379B862588B2231F /* [CP] Copy Pods Resources */,
				5A50BD69959A38EFDC4D10EF /* [CP] Embed Pods Frameworks */,
			);
			buildRules = (
			);
			dependencies = (
				BEABEC7423E9F5ED00F629BE /* PBXTargetDependency */,
			);
			name = yellowBusUITests;
			productName = yellowBusUITests;
			productReference = BEABEC7223E9F5ED00F629BE /* yellowBusUITests.xctest */;
			productType = "com.apple.product-type.bundle.ui-testing";
		};
/* End PBXNativeTarget section */

/* Begin PBXProject section */
		BEABEC4623E9F5E700F629BE /* Project object */ = {
			isa = PBXProject;
			attributes = {
				LastSwiftUpdateCheck = 1130;
				LastUpgradeCheck = 1130;
				ORGANIZATIONNAME = "Hariom Palkar";
				TargetAttributes = {
					BE7C37BE23FEF6B30039AB26 = {
						CreatedOnToolsVersion = 11.3.1;
					};
					BEABEC4D23E9F5E700F629BE = {
						CreatedOnToolsVersion = 11.3.1;
					};
					BEABEC6623E9F5ED00F629BE = {
						CreatedOnToolsVersion = 11.3.1;
						TestTargetID = BEABEC4D23E9F5E700F629BE;
					};
					BEABEC7123E9F5ED00F629BE = {
						CreatedOnToolsVersion = 11.3.1;
						TestTargetID = BEABEC4D23E9F5E700F629BE;
					};
				};
			};
			buildConfigurationList = BEABEC4923E9F5E700F629BE /* Build configuration list for PBXProject "yellowBus" */;
			compatibilityVersion = "Xcode 9.3";
			developmentRegion = en;
			hasScannedForEncodings = 0;
			knownRegions = (
				en,
				Base,
			);
			mainGroup = BEABEC4523E9F5E700F629BE;
			productRefGroup = BEABEC4F23E9F5E700F629BE /* Products */;
			projectDirPath = "";
			projectRoot = "";
			targets = (
				BEABEC4D23E9F5E700F629BE /* yellowBus */,
				BEABEC6623E9F5ED00F629BE /* yellowBusTests */,
				BEABEC7123E9F5ED00F629BE /* yellowBusUITests */,
				BE7C37BE23FEF6B30039AB26 /* BTC */,
			);
		};
/* End PBXProject section */

/* Begin PBXResourcesBuildPhase section */
		BE7C37BD23FEF6B30039AB26 /* Resources */ = {
			isa = PBXResourcesBuildPhase;
			buildActionMask = 2147483647;
			files = (
			);
			runOnlyForDeploymentPostprocessing = 0;
		};
		BEABEC4C23E9F5E700F629BE /* Resources */ = {
			isa = PBXResourcesBuildPhase;
			buildActionMask = 2147483647;
			files = (
				BEABEC6123E9F5ED00F629BE /* LaunchScreen.storyboard in Resources */,
				BE76D0F823EAB6B0009559CD /* GoogleService-Info.plist in Resources */,
				BEABEC5E23E9F5ED00F629BE /* Assets.xcassets in Resources */,
				BEABEC5923E9F5E700F629BE /* Main.storyboard in Resources */,
				BE79B0A1245387BE00CBE857 /* ScheduleCell.xib in Resources */,
			);
			runOnlyForDeploymentPostprocessing = 0;
		};
		BEABEC6523E9F5ED00F629BE /* Resources */ = {
			isa = PBXResourcesBuildPhase;
			buildActionMask = 2147483647;
			files = (
			);
			runOnlyForDeploymentPostprocessing = 0;
		};
		BEABEC7023E9F5ED00F629BE /* Resources */ = {
			isa = PBXResourcesBuildPhase;
			buildActionMask = 2147483647;
			files = (
			);
			runOnlyForDeploymentPostprocessing = 0;
		};
/* End PBXResourcesBuildPhase section */

/* Begin PBXShellScriptBuildPhase section */
		5A50BD69959A38EFDC4D10EF /* [CP] Embed Pods Frameworks */ = {
			isa = PBXShellScriptBuildPhase;
			buildActionMask = 2147483647;
			files = (
			);
			inputFileListPaths = (
				"${PODS_ROOT}/Target Support Files/Pods-yellowBus-yellowBusUITests/Pods-yellowBus-yellowBusUITests-frameworks-${CONFIGURATION}-input-files.xcfilelist",
			);
			name = "[CP] Embed Pods Frameworks";
			outputFileListPaths = (
				"${PODS_ROOT}/Target Support Files/Pods-yellowBus-yellowBusUITests/Pods-yellowBus-yellowBusUITests-frameworks-${CONFIGURATION}-output-files.xcfilelist",
			);
			runOnlyForDeploymentPostprocessing = 0;
			shellPath = /bin/sh;
			shellScript = "\"${PODS_ROOT}/Target Support Files/Pods-yellowBus-yellowBusUITests/Pods-yellowBus-yellowBusUITests-frameworks.sh\"\n";
			showEnvVarsInLog = 0;
		};
		71C256B25729264757C9D48C /* [CP] Check Pods Manifest.lock */ = {
			isa = PBXShellScriptBuildPhase;
			buildActionMask = 2147483647;
			files = (
			);
			inputFileListPaths = (
			);
			inputPaths = (
				"${PODS_PODFILE_DIR_PATH}/Podfile.lock",
				"${PODS_ROOT}/Manifest.lock",
			);
			name = "[CP] Check Pods Manifest.lock";
			outputFileListPaths = (
			);
			outputPaths = (
				"$(DERIVED_FILE_DIR)/Pods-yellowBusTests-checkManifestLockResult.txt",
			);
			runOnlyForDeploymentPostprocessing = 0;
			shellPath = /bin/sh;
			shellScript = "diff \"${PODS_PODFILE_DIR_PATH}/Podfile.lock\" \"${PODS_ROOT}/Manifest.lock\" > /dev/null\nif [ $? != 0 ] ; then\n    # print error to STDERR\n    echo \"error: The sandbox is not in sync with the Podfile.lock. Run 'pod install' or update your CocoaPods installation.\" >&2\n    exit 1\nfi\n# This output is used by Xcode 'outputs' to avoid re-running this script phase.\necho \"SUCCESS\" > \"${SCRIPT_OUTPUT_FILE_0}\"\n";
			showEnvVarsInLog = 0;
		};
		7A01C8E12ACF9BA6C77764C6 /* [CP] Check Pods Manifest.lock */ = {
			isa = PBXShellScriptBuildPhase;
			buildActionMask = 2147483647;
			files = (
			);
			inputFileListPaths = (
			);
			inputPaths = (
				"${PODS_PODFILE_DIR_PATH}/Podfile.lock",
				"${PODS_ROOT}/Manifest.lock",
			);
			name = "[CP] Check Pods Manifest.lock";
			outputFileListPaths = (
			);
			outputPaths = (
				"$(DERIVED_FILE_DIR)/Pods-yellowBus-checkManifestLockResult.txt",
			);
			runOnlyForDeploymentPostprocessing = 0;
			shellPath = /bin/sh;
			shellScript = "diff \"${PODS_PODFILE_DIR_PATH}/Podfile.lock\" \"${PODS_ROOT}/Manifest.lock\" > /dev/null\nif [ $? != 0 ] ; then\n    # print error to STDERR\n    echo \"error: The sandbox is not in sync with the Podfile.lock. Run 'pod install' or update your CocoaPods installation.\" >&2\n    exit 1\nfi\n# This output is used by Xcode 'outputs' to avoid re-running this script phase.\necho \"SUCCESS\" > \"${SCRIPT_OUTPUT_FILE_0}\"\n";
			showEnvVarsInLog = 0;
		};
		7E77160869A184E3DED6C501 /* [CP] Copy Pods Resources */ = {
			isa = PBXShellScriptBuildPhase;
			buildActionMask = 2147483647;
			files = (
			);
			inputFileListPaths = (
				"${PODS_ROOT}/Target Support Files/Pods-yellowBus/Pods-yellowBus-resources-${CONFIGURATION}-input-files.xcfilelist",
			);
			name = "[CP] Copy Pods Resources";
			outputFileListPaths = (
				"${PODS_ROOT}/Target Support Files/Pods-yellowBus/Pods-yellowBus-resources-${CONFIGURATION}-output-files.xcfilelist",
			);
			runOnlyForDeploymentPostprocessing = 0;
			shellPath = /bin/sh;
			shellScript = "\"${PODS_ROOT}/Target Support Files/Pods-yellowBus/Pods-yellowBus-resources.sh\"\n";
			showEnvVarsInLog = 0;
		};
		9FC1CDD2379B862588B2231F /* [CP] Copy Pods Resources */ = {
			isa = PBXShellScriptBuildPhase;
			buildActionMask = 2147483647;
			files = (
			);
			inputFileListPaths = (
				"${PODS_ROOT}/Target Support Files/Pods-yellowBus-yellowBusUITests/Pods-yellowBus-yellowBusUITests-resources-${CONFIGURATION}-input-files.xcfilelist",
			);
			name = "[CP] Copy Pods Resources";
			outputFileListPaths = (
				"${PODS_ROOT}/Target Support Files/Pods-yellowBus-yellowBusUITests/Pods-yellowBus-yellowBusUITests-resources-${CONFIGURATION}-output-files.xcfilelist",
			);
			runOnlyForDeploymentPostprocessing = 0;
			shellPath = /bin/sh;
			shellScript = "\"${PODS_ROOT}/Target Support Files/Pods-yellowBus-yellowBusUITests/Pods-yellowBus-yellowBusUITests-resources.sh\"\n";
			showEnvVarsInLog = 0;
		};
		B6645392BB93E1AA88966977 /* [CP] Embed Pods Frameworks */ = {
			isa = PBXShellScriptBuildPhase;
			buildActionMask = 2147483647;
			files = (
			);
			inputFileListPaths = (
				"${PODS_ROOT}/Target Support Files/Pods-yellowBusTests/Pods-yellowBusTests-frameworks-${CONFIGURATION}-input-files.xcfilelist",
			);
			name = "[CP] Embed Pods Frameworks";
			outputFileListPaths = (
				"${PODS_ROOT}/Target Support Files/Pods-yellowBusTests/Pods-yellowBusTests-frameworks-${CONFIGURATION}-output-files.xcfilelist",
			);
			runOnlyForDeploymentPostprocessing = 0;
			shellPath = /bin/sh;
			shellScript = "\"${PODS_ROOT}/Target Support Files/Pods-yellowBusTests/Pods-yellowBusTests-frameworks.sh\"\n";
			showEnvVarsInLog = 0;
		};
		D789FC7B2D41BBD37909D1AE /* [CP] Check Pods Manifest.lock */ = {
			isa = PBXShellScriptBuildPhase;
			buildActionMask = 2147483647;
			files = (
			);
			inputFileListPaths = (
			);
			inputPaths = (
				"${PODS_PODFILE_DIR_PATH}/Podfile.lock",
				"${PODS_ROOT}/Manifest.lock",
			);
			name = "[CP] Check Pods Manifest.lock";
			outputFileListPaths = (
			);
			outputPaths = (
				"$(DERIVED_FILE_DIR)/Pods-yellowBus-yellowBusUITests-checkManifestLockResult.txt",
			);
			runOnlyForDeploymentPostprocessing = 0;
			shellPath = /bin/sh;
			shellScript = "diff \"${PODS_PODFILE_DIR_PATH}/Podfile.lock\" \"${PODS_ROOT}/Manifest.lock\" > /dev/null\nif [ $? != 0 ] ; then\n    # print error to STDERR\n    echo \"error: The sandbox is not in sync with the Podfile.lock. Run 'pod install' or update your CocoaPods installation.\" >&2\n    exit 1\nfi\n# This output is used by Xcode 'outputs' to avoid re-running this script phase.\necho \"SUCCESS\" > \"${SCRIPT_OUTPUT_FILE_0}\"\n";
			showEnvVarsInLog = 0;
		};
		DFDE9497AAB429B311F4B31C /* [CP] Embed Pods Frameworks */ = {
			isa = PBXShellScriptBuildPhase;
			buildActionMask = 2147483647;
			files = (
			);
			inputFileListPaths = (
				"${PODS_ROOT}/Target Support Files/Pods-yellowBus/Pods-yellowBus-frameworks-${CONFIGURATION}-input-files.xcfilelist",
			);
			name = "[CP] Embed Pods Frameworks";
			outputFileListPaths = (
				"${PODS_ROOT}/Target Support Files/Pods-yellowBus/Pods-yellowBus-frameworks-${CONFIGURATION}-output-files.xcfilelist",
			);
			runOnlyForDeploymentPostprocessing = 0;
			shellPath = /bin/sh;
			shellScript = "\"${PODS_ROOT}/Target Support Files/Pods-yellowBus/Pods-yellowBus-frameworks.sh\"\n";
			showEnvVarsInLog = 0;
		};
/* End PBXShellScriptBuildPhase section */

/* Begin PBXSourcesBuildPhase section */
		BE7C37BB23FEF6B30039AB26 /* Sources */ = {
			isa = PBXSourcesBuildPhase;
			buildActionMask = 2147483647;
			files = (
			);
			runOnlyForDeploymentPostprocessing = 0;
		};
		BEABEC4A23E9F5E700F629BE /* Sources */ = {
			isa = PBXSourcesBuildPhase;
			buildActionMask = 2147483647;
			files = (
				BE90DADD245B2A0400D86360 /* mapviewController.swift in Sources */,
				BEABEC5C23E9F5E700F629BE /* yellowBus.xcdatamodeld in Sources */,
				BE4FD523245C855600AA9647 /* homeTableViewController.swift in Sources */,
				BE79B09D245377B200CBE857 /* scheduleBrain.swift in Sources */,
				BE4A2852245C341200B912CE /* schViewController.swift in Sources */,
				BE3795AD2447ACF70070A196 /* mapStyle.swift in Sources */,
				BE2B73FE245B9C01001C2992 /* volViewController.swift in Sources */,
				BE3795AF2447B0230070A196 /* brain.swift in Sources */,
				BE79B0A0245387BE00CBE857 /* ScheduleCell.swift in Sources */,
				BEAC59E92441287200A91F08 /* loginViewController.swift in Sources */,
				BEF1FDEC23F41F9C00E3E074 /* userViewController.swift in Sources */,
				BE2B73FC245B9BE0001C2992 /* Extension.swift in Sources */,
				BEABEC5223E9F5E700F629BE /* AppDelegate.swift in Sources */,
				BE4FD525245C855900AA9647 /* loginViewController.swift in Sources */,
				BE80BA7823F4662900F4E468 /* teamViewController.swift in Sources */,
				BEABEC5423E9F5E700F629BE /* SceneDelegate.swift in Sources */,
				BEDC7393241127CB00E4028A /* UIbusTableViewCell.swift in Sources */,
				BEABEC8523EA883500F629BE /* UIView+Layout.swift in Sources */,
				BE3795B12447B0CC0070A196 /* teamBrain.swift in Sources */,
			);
			runOnlyForDeploymentPostprocessing = 0;
		};
		BEABEC6323E9F5ED00F629BE /* Sources */ = {
			isa = PBXSourcesBuildPhase;
			buildActionMask = 2147483647;
			files = (
				BEABEC6C23E9F5ED00F629BE /* yellowBusTests.swift in Sources */,
			);
			runOnlyForDeploymentPostprocessing = 0;
		};
		BEABEC6E23E9F5ED00F629BE /* Sources */ = {
			isa = PBXSourcesBuildPhase;
			buildActionMask = 2147483647;
			files = (
				BEABEC7723E9F5ED00F629BE /* yellowBusUITests.swift in Sources */,
			);
			runOnlyForDeploymentPostprocessing = 0;
		};
/* End PBXSourcesBuildPhase section */

/* Begin PBXTargetDependency section */
		BEABEC6923E9F5ED00F629BE /* PBXTargetDependency */ = {
			isa = PBXTargetDependency;
			target = BEABEC4D23E9F5E700F629BE /* yellowBus */;
			targetProxy = BEABEC6823E9F5ED00F629BE /* PBXContainerItemProxy */;
		};
		BEABEC7423E9F5ED00F629BE /* PBXTargetDependency */ = {
			isa = PBXTargetDependency;
			target = BEABEC4D23E9F5E700F629BE /* yellowBus */;
			targetProxy = BEABEC7323E9F5ED00F629BE /* PBXContainerItemProxy */;
		};
/* End PBXTargetDependency section */

/* Begin PBXVariantGroup section */
		BEABEC5723E9F5E700F629BE /* Main.storyboard */ = {
			isa = PBXVariantGroup;
			children = (
				BEABEC5823E9F5E700F629BE /* Base */,
			);
			name = Main.storyboard;
			sourceTree = "<group>";
		};
		BEABEC5F23E9F5ED00F629BE /* LaunchScreen.storyboard */ = {
			isa = PBXVariantGroup;
			children = (
				BEABEC6023E9F5ED00F629BE /* Base */,
			);
			name = LaunchScreen.storyboard;
			sourceTree = "<group>";
		};
/* End PBXVariantGroup section */

/* Begin XCBuildConfiguration section */
		BE7C37CD23FEF6B40039AB26 /* Debug */ = {
			isa = XCBuildConfiguration;
			buildSettings = {
				CODE_SIGN_STYLE = Automatic;
				DEVELOPMENT_TEAM = X5CNZGAZC3;
				INFOPLIST_FILE = BTC/Info.plist;
				LD_RUNPATH_SEARCH_PATHS = (
					"$(inherited)",
					"@executable_path/Frameworks",
					"@executable_path/../../Frameworks",
				);
				PRODUCT_BUNDLE_IDENTIFIER = popcorn.yellowBus.BTC;
				PRODUCT_NAME = "$(TARGET_NAME)";
				SKIP_INSTALL = YES;
				SWIFT_VERSION = 5.0;
				TARGETED_DEVICE_FAMILY = "1,2";
			};
			name = Debug;
		};
		BE7C37CE23FEF6B40039AB26 /* Release */ = {
			isa = XCBuildConfiguration;
			buildSettings = {
				CODE_SIGN_STYLE = Automatic;
				DEVELOPMENT_TEAM = X5CNZGAZC3;
				INFOPLIST_FILE = BTC/Info.plist;
				LD_RUNPATH_SEARCH_PATHS = (
					"$(inherited)",
					"@executable_path/Frameworks",
					"@executable_path/../../Frameworks",
				);
				PRODUCT_BUNDLE_IDENTIFIER = popcorn.yellowBus.BTC;
				PRODUCT_NAME = "$(TARGET_NAME)";
				SKIP_INSTALL = YES;
				SWIFT_VERSION = 5.0;
				TARGETED_DEVICE_FAMILY = "1,2";
			};
			name = Release;
		};
		BEABEC7923E9F5ED00F629BE /* Debug */ = {
			isa = XCBuildConfiguration;
			buildSettings = {
				ALWAYS_SEARCH_USER_PATHS = NO;
				CLANG_ANALYZER_NONNULL = YES;
				CLANG_ANALYZER_NUMBER_OBJECT_CONVERSION = YES_AGGRESSIVE;
				CLANG_CXX_LANGUAGE_STANDARD = "gnu++14";
				CLANG_CXX_LIBRARY = "libc++";
				CLANG_ENABLE_MODULES = YES;
				CLANG_ENABLE_OBJC_ARC = YES;
				CLANG_ENABLE_OBJC_WEAK = YES;
				CLANG_WARN_BLOCK_CAPTURE_AUTORELEASING = YES;
				CLANG_WARN_BOOL_CONVERSION = YES;
				CLANG_WARN_COMMA = YES;
				CLANG_WARN_CONSTANT_CONVERSION = YES;
				CLANG_WARN_DEPRECATED_OBJC_IMPLEMENTATIONS = YES;
				CLANG_WARN_DIRECT_OBJC_ISA_USAGE = YES_ERROR;
				CLANG_WARN_DOCUMENTATION_COMMENTS = YES;
				CLANG_WARN_EMPTY_BODY = YES;
				CLANG_WARN_ENUM_CONVERSION = YES;
				CLANG_WARN_INFINITE_RECURSION = YES;
				CLANG_WARN_INT_CONVERSION = YES;
				CLANG_WARN_NON_LITERAL_NULL_CONVERSION = YES;
				CLANG_WARN_OBJC_IMPLICIT_RETAIN_SELF = YES;
				CLANG_WARN_OBJC_LITERAL_CONVERSION = YES;
				CLANG_WARN_OBJC_ROOT_CLASS = YES_ERROR;
				CLANG_WARN_RANGE_LOOP_ANALYSIS = YES;
				CLANG_WARN_STRICT_PROTOTYPES = YES;
				CLANG_WARN_SUSPICIOUS_MOVE = YES;
				CLANG_WARN_UNGUARDED_AVAILABILITY = YES_AGGRESSIVE;
				CLANG_WARN_UNREACHABLE_CODE = YES;
				CLANG_WARN__DUPLICATE_METHOD_MATCH = YES;
				COPY_PHASE_STRIP = NO;
				DEBUG_INFORMATION_FORMAT = dwarf;
				ENABLE_STRICT_OBJC_MSGSEND = YES;
				ENABLE_TESTABILITY = YES;
				GCC_C_LANGUAGE_STANDARD = gnu11;
				GCC_DYNAMIC_NO_PIC = NO;
				GCC_NO_COMMON_BLOCKS = YES;
				GCC_OPTIMIZATION_LEVEL = 0;
				GCC_PREPROCESSOR_DEFINITIONS = (
					"DEBUG=1",
					"$(inherited)",
				);
				GCC_WARN_64_TO_32_BIT_CONVERSION = YES;
				GCC_WARN_ABOUT_RETURN_TYPE = YES_ERROR;
				GCC_WARN_UNDECLARED_SELECTOR = YES;
				GCC_WARN_UNINITIALIZED_AUTOS = YES_AGGRESSIVE;
				GCC_WARN_UNUSED_FUNCTION = YES;
				GCC_WARN_UNUSED_VARIABLE = YES;
				IPHONEOS_DEPLOYMENT_TARGET = 13.2;
				MTL_ENABLE_DEBUG_INFO = INCLUDE_SOURCE;
				MTL_FAST_MATH = YES;
				ONLY_ACTIVE_ARCH = YES;
				SDKROOT = iphoneos;
				SWIFT_ACTIVE_COMPILATION_CONDITIONS = DEBUG;
				SWIFT_OPTIMIZATION_LEVEL = "-Onone";
			};
			name = Debug;
		};
		BEABEC7A23E9F5ED00F629BE /* Release */ = {
			isa = XCBuildConfiguration;
			buildSettings = {
				ALWAYS_SEARCH_USER_PATHS = NO;
				CLANG_ANALYZER_NONNULL = YES;
				CLANG_ANALYZER_NUMBER_OBJECT_CONVERSION = YES_AGGRESSIVE;
				CLANG_CXX_LANGUAGE_STANDARD = "gnu++14";
				CLANG_CXX_LIBRARY = "libc++";
				CLANG_ENABLE_MODULES = YES;
				CLANG_ENABLE_OBJC_ARC = YES;
				CLANG_ENABLE_OBJC_WEAK = YES;
				CLANG_WARN_BLOCK_CAPTURE_AUTORELEASING = YES;
				CLANG_WARN_BOOL_CONVERSION = YES;
				CLANG_WARN_COMMA = YES;
				CLANG_WARN_CONSTANT_CONVERSION = YES;
				CLANG_WARN_DEPRECATED_OBJC_IMPLEMENTATIONS = YES;
				CLANG_WARN_DIRECT_OBJC_ISA_USAGE = YES_ERROR;
				CLANG_WARN_DOCUMENTATION_COMMENTS = YES;
				CLANG_WARN_EMPTY_BODY = YES;
				CLANG_WARN_ENUM_CONVERSION = YES;
				CLANG_WARN_INFINITE_RECURSION = YES;
				CLANG_WARN_INT_CONVERSION = YES;
				CLANG_WARN_NON_LITERAL_NULL_CONVERSION = YES;
				CLANG_WARN_OBJC_IMPLICIT_RETAIN_SELF = YES;
				CLANG_WARN_OBJC_LITERAL_CONVERSION = YES;
				CLANG_WARN_OBJC_ROOT_CLASS = YES_ERROR;
				CLANG_WARN_RANGE_LOOP_ANALYSIS = YES;
				CLANG_WARN_STRICT_PROTOTYPES = YES;
				CLANG_WARN_SUSPICIOUS_MOVE = YES;
				CLANG_WARN_UNGUARDED_AVAILABILITY = YES_AGGRESSIVE;
				CLANG_WARN_UNREACHABLE_CODE = YES;
				CLANG_WARN__DUPLICATE_METHOD_MATCH = YES;
				COPY_PHASE_STRIP = NO;
				DEBUG_INFORMATION_FORMAT = "dwarf-with-dsym";
				ENABLE_NS_ASSERTIONS = NO;
				ENABLE_STRICT_OBJC_MSGSEND = YES;
				GCC_C_LANGUAGE_STANDARD = gnu11;
				GCC_NO_COMMON_BLOCKS = YES;
				GCC_WARN_64_TO_32_BIT_CONVERSION = YES;
				GCC_WARN_ABOUT_RETURN_TYPE = YES_ERROR;
				GCC_WARN_UNDECLARED_SELECTOR = YES;
				GCC_WARN_UNINITIALIZED_AUTOS = YES_AGGRESSIVE;
				GCC_WARN_UNUSED_FUNCTION = YES;
				GCC_WARN_UNUSED_VARIABLE = YES;
				IPHONEOS_DEPLOYMENT_TARGET = 13.2;
				MTL_ENABLE_DEBUG_INFO = NO;
				MTL_FAST_MATH = YES;
				SDKROOT = iphoneos;
				SWIFT_COMPILATION_MODE = wholemodule;
				SWIFT_OPTIMIZATION_LEVEL = "-O";
				VALIDATE_PRODUCT = YES;
			};
			name = Release;
		};
		BEABEC7C23E9F5ED00F629BE /* Debug */ = {
			isa = XCBuildConfiguration;
			baseConfigurationReference = 01EFFCA64887F1B064689A63 /* Pods-yellowBus.debug.xcconfig */;
			buildSettings = {
				ASSETCATALOG_COMPILER_APPICON_NAME = AppIcon;
				CODE_SIGN_STYLE = Automatic;
				DEVELOPMENT_TEAM = X5CNZGAZC3;
				INFOPLIST_FILE = yellowBus/Info.plist;
				IPHONEOS_DEPLOYMENT_TARGET = 13.0;
				LD_RUNPATH_SEARCH_PATHS = (
					"$(inherited)",
					"@executable_path/Frameworks",
				);
				PRODUCT_BUNDLE_IDENTIFIER = popcorn.yellowBus;
				PRODUCT_NAME = "$(TARGET_NAME)";
				SWIFT_VERSION = 5.0;
				TARGETED_DEVICE_FAMILY = 1;
			};
			name = Debug;
		};
		BEABEC7D23E9F5ED00F629BE /* Release */ = {
			isa = XCBuildConfiguration;
			baseConfigurationReference = C66D33A6239AE9626198A680 /* Pods-yellowBus.release.xcconfig */;
			buildSettings = {
				ASSETCATALOG_COMPILER_APPICON_NAME = AppIcon;
				CODE_SIGN_STYLE = Automatic;
				DEVELOPMENT_TEAM = X5CNZGAZC3;
				INFOPLIST_FILE = yellowBus/Info.plist;
				IPHONEOS_DEPLOYMENT_TARGET = 13.0;
				LD_RUNPATH_SEARCH_PATHS = (
					"$(inherited)",
					"@executable_path/Frameworks",
				);
				PRODUCT_BUNDLE_IDENTIFIER = popcorn.yellowBus;
				PRODUCT_NAME = "$(TARGET_NAME)";
				SWIFT_VERSION = 5.0;
				TARGETED_DEVICE_FAMILY = 1;
			};
			name = Release;
		};
		BEABEC7F23E9F5ED00F629BE /* Debug */ = {
			isa = XCBuildConfiguration;
			baseConfigurationReference = 7DA1ECCCC709296E8A6CC3F2 /* Pods-yellowBusTests.debug.xcconfig */;
			buildSettings = {
				ALWAYS_EMBED_SWIFT_STANDARD_LIBRARIES = YES;
				BUNDLE_LOADER = "$(TEST_HOST)";
				CODE_SIGN_STYLE = Automatic;
				INFOPLIST_FILE = yellowBusTests/Info.plist;
				IPHONEOS_DEPLOYMENT_TARGET = 13.2;
				LD_RUNPATH_SEARCH_PATHS = (
					"$(inherited)",
					"@executable_path/Frameworks",
					"@loader_path/Frameworks",
				);
				PRODUCT_BUNDLE_IDENTIFIER = popcorn.yellowBusTests;
				PRODUCT_NAME = "$(TARGET_NAME)";
				SWIFT_VERSION = 5.0;
				TARGETED_DEVICE_FAMILY = "1,2";
				TEST_HOST = "$(BUILT_PRODUCTS_DIR)/yellowBus.app/yellowBus";
			};
			name = Debug;
		};
		BEABEC8023E9F5ED00F629BE /* Release */ = {
			isa = XCBuildConfiguration;
			baseConfigurationReference = 32DF51DFEEDDAF1EB6585EE1 /* Pods-yellowBusTests.release.xcconfig */;
			buildSettings = {
				ALWAYS_EMBED_SWIFT_STANDARD_LIBRARIES = YES;
				BUNDLE_LOADER = "$(TEST_HOST)";
				CODE_SIGN_STYLE = Automatic;
				INFOPLIST_FILE = yellowBusTests/Info.plist;
				IPHONEOS_DEPLOYMENT_TARGET = 13.2;
				LD_RUNPATH_SEARCH_PATHS = (
					"$(inherited)",
					"@executable_path/Frameworks",
					"@loader_path/Frameworks",
				);
				PRODUCT_BUNDLE_IDENTIFIER = popcorn.yellowBusTests;
				PRODUCT_NAME = "$(TARGET_NAME)";
				SWIFT_VERSION = 5.0;
				TARGETED_DEVICE_FAMILY = "1,2";
				TEST_HOST = "$(BUILT_PRODUCTS_DIR)/yellowBus.app/yellowBus";
			};
			name = Release;
		};
		BEABEC8223E9F5ED00F629BE /* Debug */ = {
			isa = XCBuildConfiguration;
			baseConfigurationReference = CB2A277F75FAE942B91F8F17 /* Pods-yellowBus-yellowBusUITests.debug.xcconfig */;
			buildSettings = {
				ALWAYS_EMBED_SWIFT_STANDARD_LIBRARIES = YES;
				CODE_SIGN_STYLE = Automatic;
				INFOPLIST_FILE = yellowBusUITests/Info.plist;
				LD_RUNPATH_SEARCH_PATHS = (
					"$(inherited)",
					"@executable_path/Frameworks",
					"@loader_path/Frameworks",
				);
				PRODUCT_BUNDLE_IDENTIFIER = popcorn.yellowBusUITests;
				PRODUCT_NAME = "$(TARGET_NAME)";
				SWIFT_VERSION = 5.0;
				TARGETED_DEVICE_FAMILY = "1,2";
				TEST_TARGET_NAME = yellowBus;
			};
			name = Debug;
		};
		BEABEC8323E9F5ED00F629BE /* Release */ = {
			isa = XCBuildConfiguration;
			baseConfigurationReference = 1B5CE1F2043352FADBBA1FDD /* Pods-yellowBus-yellowBusUITests.release.xcconfig */;
			buildSettings = {
				ALWAYS_EMBED_SWIFT_STANDARD_LIBRARIES = YES;
				CODE_SIGN_STYLE = Automatic;
				INFOPLIST_FILE = yellowBusUITests/Info.plist;
				LD_RUNPATH_SEARCH_PATHS = (
					"$(inherited)",
					"@executable_path/Frameworks",
					"@loader_path/Frameworks",
				);
				PRODUCT_BUNDLE_IDENTIFIER = popcorn.yellowBusUITests;
				PRODUCT_NAME = "$(TARGET_NAME)";
				SWIFT_VERSION = 5.0;
				TARGETED_DEVICE_FAMILY = "1,2";
				TEST_TARGET_NAME = yellowBus;
			};
			name = Release;
		};
/* End XCBuildConfiguration section */

/* Begin XCConfigurationList section */
		BE7C37CC23FEF6B40039AB26 /* Build configuration list for PBXNativeTarget "BTC" */ = {
			isa = XCConfigurationList;
			buildConfigurations = (
				BE7C37CD23FEF6B40039AB26 /* Debug */,
				BE7C37CE23FEF6B40039AB26 /* Release */,
			);
			defaultConfigurationIsVisible = 0;
			defaultConfigurationName = Release;
		};
		BEABEC4923E9F5E700F629BE /* Build configuration list for PBXProject "yellowBus" */ = {
			isa = XCConfigurationList;
			buildConfigurations = (
				BEABEC7923E9F5ED00F629BE /* Debug */,
				BEABEC7A23E9F5ED00F629BE /* Release */,
			);
			defaultConfigurationIsVisible = 0;
			defaultConfigurationName = Release;
		};
		BEABEC7B23E9F5ED00F629BE /* Build configuration list for PBXNativeTarget "yellowBus" */ = {
			isa = XCConfigurationList;
			buildConfigurations = (
				BEABEC7C23E9F5ED00F629BE /* Debug */,
				BEABEC7D23E9F5ED00F629BE /* Release */,
			);
			defaultConfigurationIsVisible = 0;
			defaultConfigurationName = Release;
		};
		BEABEC7E23E9F5ED00F629BE /* Build configuration list for PBXNativeTarget "yellowBusTests" */ = {
			isa = XCConfigurationList;
			buildConfigurations = (
				BEABEC7F23E9F5ED00F629BE /* Debug */,
				BEABEC8023E9F5ED00F629BE /* Release */,
			);
			defaultConfigurationIsVisible = 0;
			defaultConfigurationName = Release;
		};
		BEABEC8123E9F5ED00F629BE /* Build configuration list for PBXNativeTarget "yellowBusUITests" */ = {
			isa = XCConfigurationList;
			buildConfigurations = (
				BEABEC8223E9F5ED00F629BE /* Debug */,
				BEABEC8323E9F5ED00F629BE /* Release */,
			);
			defaultConfigurationIsVisible = 0;
			defaultConfigurationName = Release;
		};
/* End XCConfigurationList section */

/* Begin XCVersionGroup section */
		BEABEC5A23E9F5E700F629BE /* yellowBus.xcdatamodeld */ = {
			isa = XCVersionGroup;
			children = (
				BEABEC5B23E9F5E700F629BE /* yellowBus.xcdatamodel */,
			);
			currentVersion = BEABEC5B23E9F5E700F629BE /* yellowBus.xcdatamodel */;
			path = yellowBus.xcdatamodeld;
			sourceTree = "<group>";
			versionGroupType = wrapper.xcdatamodel;
		};
/* End XCVersionGroup section */
	};
	rootObject = BEABEC4623E9F5E700F629BE /* Project object */;
}
